{
  "name": "koelet",
  "lockfileVersion": 3,
  "requires": true,
  "packages": {
    "": {
      "name": "koelet",
      "devDependencies": {
        "@hebcal/core": "^6.11.0",
        "@hebcal/leyning": "^10.0.2",
        "playwright": "1.56.1"
      }
    },
    "node_modules/@hebcal/core": {
      "version": "6.11.0",
      "resolved": "https://registry.npmjs.org/@hebcal/core/-/core-6.11.0.tgz",
      "integrity": "sha512-pPraaio22h4e5xgn+htfjtjkFVa/M/POqwFXZWEx58y3PFtkgCuAfbqJPgmaFcb6Pel4ZVUPugUJ6lMM0MKkvg==",
      "dev": true,
      "license": "GPL-2.0",
      "dependencies": {
        "@hebcal/hdate": "^0.22.8",
        "@hebcal/noaa": "^0.12.3",
        "quick-lru": "^7.3.0",
        "temporal-polyfill": "^1.0.5"
      },
      "engines": {
        "node": ">= 18"
      }
    },
    "node_modules/@hebcal/hdate": {
      "version": "0.22.8",
      "resolved": "https://registry.npmjs.org/@hebcal/hdate/-/hdate-0.22.8.tgz",
      "integrity": "sha512-kTGFm9zHbF2qz6/Pst3e8Zr7TWzVLcYCWQLKu1HacDJAocKXITEqMPYS0AJpO2V4YTD26EkWR2BgMYL44Dh39w==",
      "dev": true,
      "license": "GPL-2.0"
    },
    "node_modules/@hebcal/leyning": {
      "version": "10.0.2",
      "resolved": "https://registry.npmjs.org/@hebcal/leyning/-/leyning-10.0.2.tgz",
      "integrity": "sha512-x6TAo6fpGS/fLcG7njlgbpW4CztnFXZKdOjQMNSxlkqSlv79wavTuCAxZHtBCC2LWiel+SieqJNC+tpD+KX76g==",
      "dev": true,
      "license": "BSD-2-Clause",
      "dependencies": {
        "@hebcal/core": "^6.10.0",
        "@hebcal/hdate": "^0.22.8"
      },
      "engines": {
        "node": ">=18"
      }
    },
    "node_modules/@hebcal/noaa": {
      "version": "0.12.3",
      "resolved": "https://registry.npmjs.org/@hebcal/noaa/-/noaa-0.12.3.tgz",
      "integrity": "sha512-CQId2yEpUPGl0EWVxditqkG2MvEd9uKibiQtrcEQux9UnTILTPM6mwyKMTygZmNBwJl1kXqvuPQCJm0NxqLykA==",
      "dev": true,
      "license": "LGPL-2.1",
      "dependencies": {
        "temporal-polyfill": "^1.0.3"
      },
      "engines": {
        "node": ">=18"
      }
    },
    "node_modules/fsevents": {
      "version": "2.3.2",
      "resolved": "https://registry.npmjs.org/fsevents/-/fsevents-2.3.2.tgz",
      "integrity": "sha512-xiqMQR4xAeHTuB9uWm+fFRcIOgKBMiOBP+eXiyT7jsgVCq1bkVygt00oASowB7EdtpOHaaPgKt812P9ab+DDKA==",
      "dev": true,
      "hasInstallScript": true,
      "license": "MIT",
      "optional": true,
      "os": [
        "darwin"
      ],
      "engines": {
        "node": "^8.16.0 || ^10.6.0 || >=11.0.0"
      }
    },
    "node_modules/playwright": {
      "version": "1.56.1",
      "resolved": "https://registry.npmjs.org/playwright/-/playwright-1.56.1.tgz",
      "integrity": "sha512-aFi5B0WovBHTEvpM3DzXTUaeN6eN0qWnTkKx4NQaH4Wvcmc153PdaY2UBdSYKaGYw+UyWXSVyxDUg5DoPEttjw==",
      "dev": true,
      "license": "Apache-2.0",
      "dependencies": {
        "playwright-core": "1.56.1"
      },
      "bin": {
        "playwright": "cli.js"
      },
      "engines": {
        "node": ">=18"
      },
      "optionalDependencies": {
        "fsevents": "2.3.2"
      }
    },
    "node_modules/playwright-core": {
      "version": "1.56.1",
      "resolved": "https://registry.npmjs.org/playwright-core/-/playwright-core-1.56.1.tgz",
      "integrity": "sha512-hutraynyn31F+Bifme+Ps9Vq59hKuUCz7H1kDOcBs+2oGguKkWTU50bBWrtz34OUWmIwpBTWDxaRPXrIXkgvmQ==",
      "dev": true,
      "license": "Apache-2.0",
      "bin": {
        "playwright-core": "cli.js"
      },
      "engines": {
        "node": ">=18"
      }
    },
    "node_modules/quick-lru": {
      "version": "7.3.0",
      "resolved": "https://registry.npmjs.org/quick-lru/-/quick-lru-7.3.0.tgz",
      "integrity": "sha512-k9lSsjl36EJdK7I06v7APZCbyGT2vMTsYSRX1Q2nbYmnkBqgUhRkAuzH08Ciotteu/PLJmIF2+tti7o3C/ts2g==",
      "dev": true,
      "license": "MIT",
      "engines": {
        "node": ">=18"
      },
      "funding": {
        "url": "https://github.com/sponsors/sindresorhus"
      }
    },
    "node_modules/temporal-polyfill": {
      "version": "1.0.5",
      "resolved": "https://registry.npmjs.org/temporal-polyfill/-/temporal-polyfill-1.0.5.tgz",
      "integrity": "sha512-+H/mmY74i6wXCMcjIhGuSnODcyZnc4eois2myhOyX0UqRAKNXQY5m9iB1en5jQ/n4SXtjLXo1ElBI5bmn8tZwQ==",
      "dev": true,
      "license": "MIT",
      "dependencies": {
        "temporal-spec": "1.0.1",
        "temporal-utils": "1.0.3"
      }
    },
    "node_modules/temporal-spec": {
      "version": "1.0.1",
      "resolved": "https://registry.npmjs.org/temporal-spec/-/temporal-spec-1.0.1.tgz",
      "integrity": "sha512-wxVoanmDeavXie1vu2JaQ3WIc3JZnWAOYFBsJyATaVsXsycKYUflGsyBmrRSnoCpZJpwPyr38VpgSUlQ8CbFxg==",
      "dev": true,
      "license": "Apache-2.0"
    },
    "node_modules/temporal-utils": {
      "version": "1.0.3",
      "resolved": "https://registry.npmjs.org/temporal-utils/-/temporal-utils-1.0.3.tgz",
      "integrity": "sha512-9jbTSX3HvkOWvDpNpFzwX/d1mkCrgQgwLmVTOEiuocZGKHsrQJtttGZFmybJ2zYP5zCSZuU5ZyeS8+eOEPABiQ==",
      "dev": true,
      "license": "MIT"
    }
  }
}
